
Microsoft Visual Studio Solution File, Format Version 12.00
# Visual Studio Version 17
VisualStudioVersion = 17.3.32811.315
MinimumVisualStudioVersion = 10.0.40219.1
Project("{FAE04EC0-301F-11D3-BF4B-00C04F79EFBC}") = "freeacademy", "freeacademy.csproj", "{FCCB7689-2EA4-453E-A5B6-32E00391A38C}"
EndProject
Global
	GlobalSection(SolutionConfigurationPlatforms) = preSolution
		Debug|Any CPU = Debug|Any CPU
		Release|Any CPU = Release|Any CPU
	EndGlobalSection
	GlobalSection(ProjectConfigurationPlatforms) = postSolution
		{FCCB7689-2EA4-453E-A5B6-32E00391A38C}.Debug|Any CPU.ActiveCfg = Debug|Any CPU
		{FCCB7689-2EA4-453E-A5B6-32E00391A38C}.Debug|Any CPU.Build.0 = Debug|Any CPU
		{FCCB7689-2EA4-453E-A5B6-32E00391A38C}.Release|Any CPU.ActiveCfg = Release|Any CPU
		{FCCB7689-2EA4-453E-A5B6-32E00391A38C}.Release|Any CPU.Build.0 = Release|Any CPU
	EndGlobalSection
	GlobalSection(SolutionProperties) = preSolution
		HideSolutionNode = FALSE
	EndGlobalSection
	GlobalSection(ExtensibilityGlobals) = postSolution
		SolutionGuid = {0F4C6614-94EC-464B-AA7C-C77E9E28D2FC}
	EndGlobalSection
EndGlobal
